// !$*UTF8*$!
{
	archiveVersion = 1;
	classes = {
	};
	objectVersion = 46;
	objects = {

/* Begin PBXBuildFile section */
		5319CEF91955703D0088F316 /* Cocoa.framework in Frameworks */ = {isa = PBXBuildFile; fileRef = 5319CEF81955703D0088F316 /* Cocoa.framework */; };
		5319CF031955703D0088F316 /* InfoPlist.strings in Resources */ = {isa = PBXBuildFile; fileRef = 5319CF011955703D0088F316 /* InfoPlist.strings */; };
		5319CF051955703D0088F316 /* main.m in Sources */ = {isa = PBXBuildFile; fileRef = 5319CF041955703D0088F316 /* main.m */; };
		5319CF091955703E0088F316 /* Credits.rtf in Resources */ = {isa = PBXBuildFile; fileRef = 5319CF071955703E0088F316 /* Credits.rtf */; };
		5319CF0C1955703E0088F316 /* BBAppDelegate.m in Sources */ = {isa = PBXBuildFile; fileRef = 5319CF0B1955703E0088F316 /* BBAppDelegate.m */; };
		5319CF0F1955703E0088F316 /* MainMenu.xib in Resources */ = {isa = PBXBuildFile; fileRef = 5319CF0D1955703E0088F316 /* MainMenu.xib */; };
		5319CF111955703E0088F316 /* Images.xcassets in Resources */ = {isa = PBXBuildFile; fileRef = 5319CF101955703E0088F316 /* Images.xcassets */; };
		5319CF181955703E0088F316 /* XCTest.framework in Frameworks */ = {isa = PBXBuildFile; fileRef = 5319CF171955703E0088F316 /* XCTest.framework */; };
		5319CF191955703E0088F316 /* Cocoa.framework in Frameworks */ = {isa = PBXBuildFile; fileRef = 5319CEF81955703D0088F316 /* Cocoa.framework */; };
		5319CF211955703E0088F316 /* InfoPlist.strings in Resources */ = {isa = PBXBuildFile; fileRef = 5319CF1F1955703E0088F316 /* InfoPlist.strings */; };
		5319CF231955703E0088F316 /* asteroidTests.m in Sources */ = {isa = PBXBuildFile; fileRef = 5319CF221955703E0088F316 /* asteroidTests.m */; };
/* End PBXBuildFile section */

/* Begin PBXContainerItemProxy section */
		5319CF1A1955703E0088F316 /* PBXContainerItemProxy */ = {
			isa = PBXContainerItemProxy;
			containerPortal = 5319CEED1955703D0088F316 /* Project object */;
			proxyType = 1;
			remoteGlobalIDString = 5319CEF41955703D0088F316;
			remoteInfo = asteroid;
		};
/* End PBXContainerItemProxy section */

/* Begin PBXFileReference section */
		5319CEF51955703D0088F316 /* asteroid.app */ = {isa = PBXFileReference; explicitFileType = wrapper.application; includeInIndex = 0; path = asteroid.app; sourceTree = BUILT_PRODUCTS_DIR; };
		5319CEF81955703D0088F316 /* Cocoa.framework */ = {isa = PBXFileReference; lastKnownFileType = wrapper.framework; name = Cocoa.framework; path = System/Library/Frameworks/Cocoa.framework; sourceTree = SDKROOT; };
		5319CEFB1955703D0088F316 /* AppKit.framework */ = {isa = PBXFileReference; lastKnownFileType = wrapper.framework; name = AppKit.framework; path = System/Library/Frameworks/AppKit.framework; sourceTree = SDKROOT; };
		5319CEFC1955703D0088F316 /* CoreData.framework */ = {isa = PBXFileReference; lastKnownFileType = wrapper.framework; name = CoreData.framework; path = System/Library/Frameworks/CoreData.framework; sourceTree = SDKROOT; };
		5319CEFD1955703D0088F316 /* Foundation.framework */ = {isa = PBXFileReference; lastKnownFileType = wrapper.framework; name = Foundation.framework; path = System/Library/Frameworks/Foundation.framework; sourceTree = SDKROOT; };
		5319CF001955703D0088F316 /* asteroid-Info.plist */ = {isa = PBXFileReference; lastKnownFileType = text.plist.xml; path = "asteroid-Info.plist"; sourceTree = "<group>"; };
		5319CF021955703D0088F316 /* en */ = {isa = PBXFileReference; lastKnownFileType = text.plist.strings; name = en; path = en.lproj/InfoPlist.strings; sourceTree = "<group>"; };
		5319CF041955703D0088F316 /* main.m */ = {isa = PBXFileReference; lastKnownFileType = sourcecode.c.objc; path = main.m; sourceTree = "<group>"; };
		5319CF061955703D0088F316 /* asteroid-Prefix.pch */ = {isa = PBXFileReference; lastKnownFileType = sourcecode.c.h; path = "asteroid-Prefix.pch"; sourceTree = "<group>"; };
		5319CF081955703E0088F316 /* en */ = {isa = PBXFileReference; lastKnownFileType = text.rtf; name = en; path = en.lproj/Credits.rtf; sourceTree = "<group>"; };
		5319CF0A1955703E0088F316 /* BBAppDelegate.h */ = {isa = PBXFileReference; lastKnownFileType = sourcecode.c.h; path = BBAppDelegate.h; sourceTree = "<group>"; };
		5319CF0B1955703E0088F316 /* BBAppDelegate.m */ = {isa = PBXFileReference; lastKnownFileType = sourcecode.c.objc; path = BBAppDelegate.m; sourceTree = "<group>"; };
		5319CF0E1955703E0088F316 /* Base */ = {isa = PBXFileReference; lastKnownFileType = file.xib; name = Base; path = Base.lproj/MainMenu.xib; sourceTree = "<group>"; };
		5319CF101955703E0088F316 /* Images.xcassets */ = {isa = PBXFileReference; lastKnownFileType = folder.assetcatalog; path = Images.xcassets; sourceTree = "<group>"; };
		5319CF161955703E0088F316 /* asteroidTests.xctest */ = {isa = PBXFileReference; explicitFileType = wrapper.cfbundle; includeInIndex = 0; path = asteroidTests.xctest; sourceTree = BUILT_PRODUCTS_DIR; };
		5319CF171955703E0088F316 /* XCTest.framework */ = {isa = PBXFileReference; lastKnownFileType = wrapper.framework; name = XCTest.framework; path = Library/Frameworks/XCTest.framework; sourceTree = DEVELOPER_DIR; };
		5319CF1E1955703E0088F316 /* asteroidTests-Info.plist */ = {isa = PBXFileReference; lastKnownFileType = text.plist.xml; path = "asteroidTests-Info.plist"; sourceTree = "<group>"; };
		5319CF201955703E0088F316 /* en */ = {isa = PBXFileReference; lastKnownFileType = text.plist.strings; name = en; path = en.lproj/InfoPlist.strings; sourceTree = "<group>"; };
		5319CF221955703E0088F316 /* asteroidTests.m */ = {isa = PBXFileReference; lastKnownFileType = sourcecode.c.objc; path = asteroidTests.m; sourceTree = "<group>"; };
/* End PBXFileReference section */

/* Begin PBXFrameworksBuildPhase section */
		5319CEF21955703D0088F316 /* Frameworks */ = {
			isa = PBXFrameworksBuildPhase;
			buildActionMask = 2147483647;
			files = (
				5319CEF91955703D0088F316 /* Cocoa.framework in Frameworks */,
			);
			runOnlyForDeploymentPostprocessing = 0;
		};
		5319CF131955703E0088F316 /* Frameworks */ = {
			isa = PBXFrameworksBuildPhase;
			buildActionMask = 2147483647;
			files = (
				5319CF191955703E0088F316 /* Cocoa.framework in Frameworks */,
				5319CF181955703E0088F316 /* XCTest.framework in Frameworks */,
			);
			runOnlyForDeploymentPostprocessing = 0;
		};
/* End PBXFrameworksBuildPhase section */

/* Begin PBXGroup section */
		5319CEEC1955703D0088F316 = {
			isa = PBXGroup;
			children = (
				5319CEFE1955703D0088F316 /* asteroid */,
				5319CF1C1955703E0088F316 /* asteroidTests */,
				5319CEF71955703D0088F316 /* Frameworks */,
				5319CEF61955703D0088F316 /* Products */,
			);
			sourceTree = "<group>";
		};
		5319CEF61955703D0088F316 /* Products */ = {
			isa = PBXGroup;
			children = (
				5319CEF51955703D0088F316 /* asteroid.app */,
				5319CF161955703E0088F316 /* asteroidTests.xctest */,
			);
			name = Products;
			sourceTree = "<group>";
		};
		5319CEF71955703D0088F316 /* Frameworks */ = {
			isa = PBXGroup;
			children = (
				5319CEF81955703D0088F316 /* Cocoa.framework */,
				5319CF171955703E0088F316 /* XCTest.framework */,
				5319CEFA1955703D0088F316 /* Other Frameworks */,
			);
			name = Frameworks;
			sourceTree = "<group>";
		};
		5319CEFA1955703D0088F316 /* Other Frameworks */ = {
			isa = PBXGroup;
			children = (
				5319CEFB1955703D0088F316 /* AppKit.framework */,
				5319CEFC1955703D0088F316 /* CoreData.framework */,
				5319CEFD1955703D0088F316 /* Foundation.framework */,
			);
			name = "Other Frameworks";
			sourceTree = "<group>";
		};
		5319CEFE1955703D0088F316 /* asteroid */ = {
			isa = PBXGroup;
			children = (
				5319CF0A1955703E0088F316 /* BBAppDelegate.h */,
				5319CF0B1955703E0088F316 /* BBAppDelegate.m */,
				5319CF0D1955703E0088F316 /* MainMenu.xib */,
				5319CF101955703E0088F316 /* Images.xcassets */,
				5319CEFF1955703D0088F316 /* Supporting Files */,
			);
			path = asteroid;
			sourceTree = "<group>";
		};
		5319CEFF1955703D0088F316 /* Supporting Files */ = {
			isa = PBXGroup;
			children = (
				5319CF001955703D0088F316 /* asteroid-Info.plist */,
				5319CF011955703D0088F316 /* InfoPlist.strings */,
				5319CF041955703D0088F316 /* main.m */,
				5319CF061955703D0088F316 /* asteroid-Prefix.pch */,
				5319CF071955703E0088F316 /* Credits.rtf */,
			);
			name = "Supporting Files";
			sourceTree = "<group>";
		};
		5319CF1C1955703E0088F316 /* asteroidTests */ = {
			isa = PBXGroup;
			children = (
				5319CF221955703E0088F316 /* asteroidTests.m */,
				5319CF1D1955703E0088F316 /* Supporting Files */,
			);
			path = asteroidTests;
			sourceTree = "<group>";
		};
		5319CF1D1955703E0088F316 /* Supporting Files */ = {
			isa = PBXGroup;
			children = (
				5319CF1E1955703E0088F316 /* asteroidTests-Info.plist */,
				5319CF1F1955703E0088F316 /* InfoPlist.strings */,
			);
			name = "Supporting Files";
			sourceTree = "<group>";
		};
/* End PBXGroup section */

/* Begin PBXNativeTarget section */
		5319CEF41955703D0088F316 /* asteroid */ = {
			isa = PBXNativeTarget;
			buildConfigurationList = 5319CF261955703E0088F316 /* Build configuration list for PBXNativeTarget "asteroid" */;
			buildPhases = (
				5319CEF11955703D0088F316 /* Sources */,
				5319CEF21955703D0088F316 /* Frameworks */,
				5319CEF31955703D0088F316 /* Resources */,
			);
			buildRules = (
			);
			dependencies = (
			);
			name = asteroid;
			productName = asteroid;
			productReference = 5319CEF51955703D0088F316 /* asteroid.app */;
			productType = "com.apple.product-type.application";
		};
		5319CF151955703E0088F316 /* asteroidTests */ = {
			isa = PBXNativeTarget;
			buildConfigurationList = 5319CF291955703E0088F316 /* Build configuration list for PBXNativeTarget "asteroidTests" */;
			buildPhases = (
				5319CF121955703E0088F316 /* Sources */,
				5319CF131955703E0088F316 /* Frameworks */,
				5319CF141955703E0088F316 /* Resources */,
			);
			buildRules = (
			);
			dependencies = (
				5319CF1B1955703E0088F316 /* PBXTargetDependency */,
			);
			name = asteroidTests;
			productName = asteroidTests;
			productReference = 5319CF161955703E0088F316 /* asteroidTests.xctest */;
			productType = "com.apple.product-type.bundle.unit-test";
		};
/* End PBXNativeTarget section */

/* Begin PBXProject section */
		5319CEED1955703D0088F316 /* Project object */ = {
			isa = PBXProject;
			attributes = {
				CLASSPREFIX = BB;
				LastUpgradeCheck = 0510;
				ORGANIZATIONNAME = bunnybusiness;
				TargetAttributes = {
					5319CF151955703E0088F316 = {
						TestTargetID = 5319CEF41955703D0088F316;
					};
				};
			};
			buildConfigurationList = 5319CEF01955703D0088F316 /* Build configuration list for PBXProject "asteroid" */;
			compatibilityVersion = "Xcode 3.2";
			developmentRegion = English;
			hasScannedForEncodings = 0;
			knownRegions = (
				en,
				Base,
			);
			mainGroup = 5319CEEC1955703D0088F316;
			productRefGroup = 5319CEF61955703D0088F316 /* Products */;
			projectDirPath = "";
			projectRoot = "";
			targets = (
				5319CEF41955703D0088F316 /* asteroid */,
				5319CF151955703E0088F316 /* asteroidTests */,
			);
		};
/* End PBXProject section */

/* Begin PBXResourcesBuildPhase section */
		5319CEF31955703D0088F316 /* Resources */ = {
			isa = PBXResourcesBuildPhase;
			buildActionMask = 2147483647;
			files = (
				5319CF031955703D0088F316 /* InfoPlist.strings in Resources */,
				5319CF111955703E0088F316 /* Images.xcassets in Resources */,
				5319CF091955703E0088F316 /* Credits.rtf in Resources */,
				5319CF0F1955703E0088F316 /* MainMenu.xib in Resources */,
			);
			runOnlyForDeploymentPostprocessing = 0;
		};
		5319CF141955703E0088F316 /* Resources */ = {
			isa = PBXResourcesBuildPhase;
			buildActionMask = 2147483647;
			files = (
				5319CF211955703E0088F316 /* InfoPlist.strings in Resources */,
			);
			runOnlyForDeploymentPostprocessing = 0;
		};
/* End PBXResourcesBuildPhase section */

/* Begin PBXSourcesBuildPhase section */
		5319CEF11955703D0088F316 /* Sources */ = {
			isa = PBXSourcesBuildPhase;
			buildActionMask = 2147483647;
			files = (
				5319CF0C1955703E0088F316 /* BBAppDelegate.m in Sources */,
				5319CF051955703D0088F316 /* main.m in Sources */,
			);
			runOnlyForDeploymentPostprocessing = 0;
		};
		5319CF121955703E0088F316 /* Sources */ = {
			isa = PBXSourcesBuildPhase;
			buildActionMask = 2147483647;
			files = (
				5319CF231955703E0088F316 /* asteroidTests.m in Sources */,
			);
			runOnlyForDeploymentPostprocessing = 0;
		};
/* End PBXSourcesBuildPhase section */

/* Begin PBXTargetDependency section */
		5319CF1B1955703E0088F316 /* PBXTargetDependency */ = {
			isa = PBXTargetDependency;
			target = 5319CEF41955703D0088F316 /* asteroid */;
			targetProxy = 5319CF1A1955703E0088F316 /* PBXContainerItemProxy */;
		};
/* End PBXTargetDependency section */

/* Begin PBXVariantGroup section */
		5319CF011955703D0088F316 /* InfoPlist.strings */ = {
			isa = PBXVariantGroup;
			children = (
				5319CF021955703D0088F316 /* en */,
			);
			name = InfoPlist.strings;
			sourceTree = "<group>";
		};
		5319CF071955703E0088F316 /* Credits.rtf */ = {
			isa = PBXVariantGroup;
			children = (
				5319CF081955703E0088F316 /* en */,
			);
			name = Credits.rtf;
			sourceTree = "<group>";
		};
		5319CF0D1955703E0088F316 /* MainMenu.xib */ = {
			isa = PBXVariantGroup;
			children = (
				5319CF0E1955703E0088F316 /* Base */,
			);
			name = MainMenu.xib;
			sourceTree = "<group>";
		};
		5319CF1F1955703E0088F316 /* InfoPlist.strings */ = {
			isa = PBXVariantGroup;
			children = (
				5319CF201955703E0088F316 /* en */,
			);
			name = InfoPlist.strings;
			sourceTree = "<group>";
		};
/* End PBXVariantGroup section */

/* Begin XCBuildConfiguration section */
		5319CF241955703E0088F316 /* Debug */ = {
			isa = XCBuildConfiguration;
			buildSettings = {
				ALWAYS_SEARCH_USER_PATHS = NO;
				CLANG_CXX_LANGUAGE_STANDARD = "gnu++0x";
				CLANG_CXX_LIBRARY = "libc++";
				CLANG_ENABLE_MODULES = YES;
				CLANG_ENABLE_OBJC_ARC = YES;
				CLANG_WARN_BOOL_CONVERSION = YES;
				CLANG_WARN_CONSTANT_CONVERSION = YES;
				CLANG_WARN_DIRECT_OBJC_ISA_USAGE = YES_ERROR;
				CLANG_WARN_EMPTY_BODY = YES;
				CLANG_WARN_ENUM_CONVERSION = YES;
				CLANG_WARN_INT_CONVERSION = YES;
				CLANG_WARN_OBJC_ROOT_CLASS = YES_ERROR;
				CLANG_WARN__DUPLICATE_METHOD_MATCH = YES;
				COPY_PHASE_STRIP = NO;
				GCC_C_LANGUAGE_STANDARD = gnu99;
				GCC_DYNAMIC_NO_PIC = NO;
				GCC_ENABLE_OBJC_EXCEPTIONS = YES;
				GCC_OPTIMIZATION_LEVEL = 0;
				GCC_PREPROCESSOR_DEFINITIONS = (
					"DEBUG=1",
					"$(inherited)",
				);
				GCC_SYMBOLS_PRIVATE_EXTERN = NO;
				GCC_WARN_64_TO_32_BIT_CONVERSION = YES;
				GCC_WARN_ABOUT_RETURN_TYPE = YES_ERROR;
				GCC_WARN_UNDECLARED_SELECTOR = YES;
				GCC_WARN_UNINITIALIZED_AUTOS = YES_AGGRESSIVE;
				GCC_WARN_UNUSED_FUNCTION = YES;
				GCC_WARN_UNUSED_VARIABLE = YES;
				MACOSX_DEPLOYMENT_TARGET = 10.9;
				ONLY_ACTIVE_ARCH = YES;
				SDKROOT = macosx;
			};
			name = Debug;
		};
		5319CF251955703E0088F316 /* Release */ = {
			isa = XCBuildConfiguration;
			buildSettings = {
				ALWAYS_SEARCH_USER_PATHS = NO;
				CLANG_CXX_LANGUAGE_STANDARD = "gnu++0x";
				CLANG_CXX_LIBRARY = "libc++";
				CLANG_ENABLE_MODULES = YES;
				CLANG_ENABLE_OBJC_ARC = YES;
				CLANG_WARN_BOOL_CONVERSION = YES;
				CLANG_WARN_CONSTANT_CONVERSION = YES;
				CLANG_WARN_DIRECT_OBJC_ISA_USAGE = YES_ERROR;
				CLANG_WARN_EMPTY_BODY = YES;
				CLANG_WARN_ENUM_CONVERSION = YES;
				CLANG_WARN_INT_CONVERSION = YES;
				CLANG_WARN_OBJC_ROOT_CLASS = YES_ERROR;
				CLANG_WARN__DUPLICATE_METHOD_MATCH = YES;
				COPY_PHASE_STRIP = YES;
				DEBUG_INFORMATION_FORMAT = "dwarf-with-dsym";
				ENABLE_NS_ASSERTIONS = NO;
				GCC_C_LANGUAGE_STANDARD = gnu99;
				GCC_ENABLE_OBJC_EXCEPTIONS = YES;
				GCC_WARN_64_TO_32_BIT_CONVERSION = YES;
				GCC_WARN_ABOUT_RETURN_TYPE = YES_ERROR;
				GCC_WARN_UNDECLARED_SELECTOR = YES;
				GCC_WARN_UNINITIALIZED_AUTOS = YES_AGGRESSIVE;
				GCC_WARN_UNUSED_FUNCTION = YES;
				GCC_WARN_UNUSED_VARIABLE = YES;
				MACOSX_DEPLOYMENT_TARGET = 10.9;
				SDKROOT = macosx;
			};
			name = Release;
		};
		5319CF271955703E0088F316 /* Debug */ = {
			isa = XCBuildConfiguration;
			buildSettings = {
				ASSETCATALOG_COMPILER_APPICON_NAME = AppIcon;
				COMBINE_HIDPI_IMAGES = YES;
				GCC_PRECOMPILE_PREFIX_HEADER = YES;
				GCC_PREFIX_HEADER = "asteroid/asteroid-Prefix.pch";
				INFOPLIST_FILE = "asteroid/asteroid-Info.plist";
				PRODUCT_NAME = "$(TARGET_NAME)";
				WRAPPER_EXTENSION = app;
			};
			name = Debug;
		};
		5319CF281955703E0088F316 /* Release */ = {
			isa = XCBuildConfiguration;
			buildSettings = {
				ASSETCATALOG_COMPILER_APPICON_NAME = AppIcon;
				COMBINE_HIDPI_IMAGES = YES;
				GCC_PRECOMPILE_PREFIX_HEADER = YES;
				GCC_PREFIX_HEADER = "asteroid/asteroid-Prefix.pch";
				INFOPLIST_FILE = "asteroid/asteroid-Info.plist";
				PRODUCT_NAME = "$(TARGET_NAME)";
				WRAPPER_EXTENSION = app;
			};
			name = Release;
		};
		5319CF2A1955703E0088F316 /* Debug */ = {
			isa = XCBuildConfiguration;
			buildSettings = {
				BUNDLE_LOADER = "$(BUILT_PRODUCTS_DIR)/asteroid.app/Contents/MacOS/asteroid";
				COMBINE_HIDPI_IMAGES = YES;
				FRAMEWORK_SEARCH_PATHS = (
					"$(DEVELOPER_FRAMEWORKS_DIR)",
					"$(inherited)",
				);
				GCC_PRECOMPILE_PREFIX_HEADER = YES;
				GCC_PREFIX_HEADER = "asteroid/asteroid-Prefix.pch";
				GCC_PREPROCESSOR_DEFINITIONS = (
					"DEBUG=1",
					"$(inherited)",
				);
				INFOPLIST_FILE = "asteroidTests/asteroidTests-Info.plist";
				PRODUCT_NAME = "$(TARGET_NAME)";
				TEST_HOST = "$(BUNDLE_LOADER)";
				WRAPPER_EXTENSION = xctest;
			};
			name = Debug;
		};
		5319CF2B1955703E0088F316 /* Release */ = {
			isa = XCBuildConfiguration;
			buildSettings = {
				BUNDLE_LOADER = "$(BUILT_PRODUCTS_DIR)/asteroid.app/Contents/MacOS/asteroid";
				COMBINE_HIDPI_IMAGES = YES;
				FRAMEWORK_SEARCH_PATHS = (
					"$(DEVELOPER_FRAMEWORKS_DIR)",
					"$(inherited)",
				);
				GCC_PRECOMPILE_PREFIX_HEADER = YES;
				GCC_PREFIX_HEADER = "asteroid/asteroid-Prefix.pch";
				INFOPLIST_FILE = "asteroidTests/asteroidTests-Info.plist";
				PRODUCT_NAME = "$(TARGET_NAME)";
				TEST_HOST = "$(BUNDLE_LOADER)";
				WRAPPER_EXTENSION = xctest;
			};
			name = Release;
		};
/* End XCBuildConfiguration section */

/* Begin XCConfigurationList section */
		5319CEF01955703D0088F316 /* Build configuration list for PBXProject "asteroid" */ = {
			isa = XCConfigurationList;
			buildConfigurations = (
				5319CF241955703E0088F316 /* Debug */,
				5319CF251955703E0088F316 /* Release */,
			);
			defaultConfigurationIsVisible = 0;
			defaultConfigurationName = Release;
		};
		5319CF261955703E0088F316 /* Build configuration list for PBXNativeTarget "asteroid" */ = {
			isa = XCConfigurationList;
			buildConfigurations = (
				5319CF271955703E0088F316 /* Debug */,
				5319CF281955703E0088F316 /* Release */,
			);
			defaultConfigurationIsVisible = 0;
		};
		5319CF291955703E0088F316 /* Build configuration list for PBXNativeTarget "asteroidTests" */ = {
			isa = XCConfigurationList;
			buildConfigurations = (
				5319CF2A1955703E0088F316 /* Debug */,
				5319CF2B1955703E0088F316 /* Release */,
			);
			defaultConfigurationIsVisible = 0;
		};
/* End XCConfigurationList section */
	};
	rootObject = 5319CEED1955703D0088F316 /* Project object */;
}
